
Microsoft Visual Studio Solution File, Format Version 12.00
# Visual Studio Version 17
VisualStudioVersion = 17.1.32421.90
MinimumVisualStudioVersion = 10.0.40219.1
Project("{FAE04EC0-301F-11D3-BF4B-00C04F79EFBC}") = "Zoom Panelist Synchronizer", "Zoom Panelist Synchronizer.csproj", "{BA6B1B49-2CF0-4956-9128-927DBE7001C7}"
EndProject
Global
	GlobalSection(SolutionConfigurationPlatforms) = preSolution
		Debug|Any CPU = Debug|Any CPU
		Release|Any CPU = Release|Any CPU
	EndGlobalSection
	GlobalSection(ProjectConfigurationPlatforms) = postSolution
		{BA6B1B49-2CF0-4956-9128-927DBE7001C7}.Debug|Any CPU.ActiveCfg = Debug|Any CPU
		{BA6B1B49-2CF0-4956-9128-927DBE7001C7}.Debug|Any CPU.Build.0 = Debug|Any CPU
		{BA6B1B49-2CF0-4956-9128-927DBE7001C7}.Release|Any CPU.ActiveCfg = Release|Any CPU
		{BA6B1B49-2CF0-4956-9128-927DBE7001C7}.Release|Any CPU.Build.0 = Release|Any CPU
	EndGlobalSection
	GlobalSection(SolutionProperties) = preSolution
		HideSolutionNode = FALSE
	EndGlobalSection
	GlobalSection(ExtensibilityGlobals) = postSolution
		SolutionGuid = {67BBD107-236A-426E-87B7-21BD20F4B0B6}
	EndGlobalSection
EndGlobal
